
Microsoft Visual Studio Solution File, Format Version 12.00
# Visual Studio 15
VisualStudioVersion = 15.0.28010.2016
MinimumVisualStudioVersion = 10.0.40219.1
Project("{FAE04EC0-301F-11D3-BF4B-00C04F79EFBC}") = "RadioControlledCar", "RadioControlledCar\RadioControlledCar.csproj", "{74C30CC9-6F6F-415F-9CA8-8CF57DBBAA6E}"
EndProject
Global
	GlobalSection(SolutionConfigurationPlatforms) = preSolution
		Debug|Any CPU = Debug|Any CPU
		Release|Any CPU = Release|Any CPU
	EndGlobalSection
	GlobalSection(ProjectConfigurationPlatforms) = postSolution
		{74C30CC9-6F6F-415F-9CA8-8CF57DBBAA6E}.Debug|Any CPU.ActiveCfg = Debug|Any CPU
		{74C30CC9-6F6F-415F-9CA8-8CF57DBBAA6E}.Debug|Any CPU.Build.0 = Debug|Any CPU
		{74C30CC9-6F6F-415F-9CA8-8CF57DBBAA6E}.Release|Any CPU.ActiveCfg = Release|Any CPU
		{74C30CC9-6F6F-415F-9CA8-8CF57DBBAA6E}.Release|Any CPU.Build.0 = Release|Any CPU
	EndGlobalSection
	GlobalSection(SolutionProperties) = preSolution
		HideSolutionNode = FALSE
	EndGlobalSection
	GlobalSection(ExtensibilityGlobals) = postSolution
		SolutionGuid = {C5451A44-F972-45BB-B370-ED30DE2615B3}
	EndGlobalSection
EndGlobal
